
Microsoft Visual Studio Solution File, Format Version 12.00
# Visual Studio Version 17
VisualStudioVersion = 17.14.36518.9
MinimumVisualStudioVersion = 10.0.40219.1
Project("{2150E333-8FDC-42A3-9474-1A3956D46DE8}") = "docs", "docs", "{02EA681E-C7D8-13C7-8484-4AC65E1B71E8}"
	ProjectSection(SolutionItems) = preProject
		api-specification.md = api-specification.md
		auth-design.md = auth-design.md
		data-model.md = data-model.md
		db-seeding-strategy.md = db-seeding-strategy.md
		dev-guidelines.md = dev-guidelines.md
		product-requirements.md = product-requirements.md
		project-roadmap.md = project-roadmap.md
		system-architecture.md = system-architecture.md
	EndProjectSection
EndProject
Project("{2150E333-8FDC-42A3-9474-1A3956D46DE8}") = "src", "src", "{C02E8AF0-836C-41B9-BDD4-E2C673FF937B}"
EndProject
Project("{2150E333-8FDC-42A3-9474-1A3956D46DE8}") = "CourseManagement", "CourseManagement", "{B57213E8-711A-4BE5-8EB2-B5ECB978DD7B}"
EndProject
Project("{2150E333-8FDC-42A3-9474-1A3956D46DE8}") = "Enrollment", "Enrollment", "{F340E955-A2FD-4D40-B9D1-9C62CE8EE1D3}"
EndProject
Project("{2150E333-8FDC-42A3-9474-1A3956D46DE8}") = "Assessment", "Assessment", "{CDE97501-6AC2-4E4C-9303-9C2D516F36B6}"
EndProject
Project("{2150E333-8FDC-42A3-9474-1A3956D46DE8}") = "SharedKernel", "SharedKernel", "{776D11F1-BFC2-445C-8971-F817E6FF2808}"
EndProject
Project("{2150E333-8FDC-42A3-9474-1A3956D46DE8}") = "Presentation", "Presentation", "{40364B92-87C3-430F-BCC2-39BCADF6F49D}"
EndProject
Project("{2150E333-8FDC-42A3-9474-1A3956D46DE8}") = "Identity", "Identity", "{62E1AF30-A050-4E6F-8E88-C5553C9157E3}"
EndProject
Project("{FAE04EC0-301F-11D3-BF4B-00C04F79EFBC}") = "Lms.Identity.Infrastructure", "Lms.Identity.Infrastructure\Lms.Identity.Infrastructure.csproj", "{F4555007-484F-4562-AF91-0218D587843F}"
EndProject
Project("{FAE04EC0-301F-11D3-BF4B-00C04F79EFBC}") = "Lms.Identity.Application", "Lms.Identity.Application\Lms.Identity.Application.csproj", "{DEB58C13-7321-4345-90BA-C0EFD5DBB7B1}"
EndProject
Project("{FAE04EC0-301F-11D3-BF4B-00C04F79EFBC}") = "Lms.SharedKernel", "Lms.SharedKernel\Lms.SharedKernel.csproj", "{A485BCAC-C516-454F-8EC0-4FA157F1E191}"
EndProject
Project("{2150E333-8FDC-42A3-9474-1A3956D46DE8}") = "SharedApplication", "SharedApplication", "{C13423FE-FFDF-4912-91BD-826C7D1E03DB}"
EndProject
Project("{FAE04EC0-301F-11D3-BF4B-00C04F79EFBC}") = "Lms.Shared.Application", "Lms.Shared.Application\Lms.Shared.Application.csproj", "{374D4E7D-E6C3-482E-929F-4873DED65330}"
EndProject
Project("{FAE04EC0-301F-11D3-BF4B-00C04F79EFBC}") = "Lms.Api", "Lms.Api\Lms.Api.csproj", "{ADD1A5F1-935C-492A-925E-C642252886CB}"
EndProject
Project("{2150E333-8FDC-42A3-9474-1A3956D46DE8}") = "Domain", "Domain", "{408F87AD-4B5D-4428-916D-30F138D66B70}"
EndProject
Project("{2150E333-8FDC-42A3-9474-1A3956D46DE8}") = "Application", "Application", "{9E5AB2B7-814A-4E6B-8A68-23B6C0B2CED4}"
EndProject
Project("{2150E333-8FDC-42A3-9474-1A3956D46DE8}") = "Infrastructure", "Infrastructure", "{3CB095D7-6E4E-4468-BA63-5233B982B4CD}"
EndProject
Project("{FAE04EC0-301F-11D3-BF4B-00C04F79EFBC}") = "Lms.CourseManagement.Domain", "Lms.CourseManagement.Domain\Lms.CourseManagement.Domain.csproj", "{25DA92C5-B3A1-422B-AAF1-9C89B27E80E2}"
EndProject
Project("{FAE04EC0-301F-11D3-BF4B-00C04F79EFBC}") = "Lms.CourseManagement.Application", "Lms.CourseManagement.Application\Lms.CourseManagement.Application.csproj", "{38D730E1-B1F0-447A-BC12-8C715D809C39}"
EndProject
Project("{FAE04EC0-301F-11D3-BF4B-00C04F79EFBC}") = "Lms.CourseManagement.Infrastructure", "Lms.CourseManagement.Infrastructure\Lms.CourseManagement.Infrastructure.csproj", "{DBC95880-D9F4-4DD7-9D47-2B127C104346}"
EndProject
Project("{2150E333-8FDC-42A3-9474-1A3956D46DE8}") = "Domain", "Domain", "{A031449A-F927-4D60-AF18-F875E123DCB1}"
EndProject
Project("{2150E333-8FDC-42A3-9474-1A3956D46DE8}") = "Application", "Application", "{0A5BFBF6-2875-4077-8A67-7B5CF8990DB6}"
EndProject
Project("{2150E333-8FDC-42A3-9474-1A3956D46DE8}") = "Infrastructure", "Infrastructure", "{4D561A6C-2B68-4325-BFA3-76D253C28438}"
EndProject
Project("{FAE04EC0-301F-11D3-BF4B-00C04F79EFBC}") = "Lms.Enrollment.Application", "Lms.Enrollment.Application\Lms.Enrollment.Application.csproj", "{B892E452-1EF4-43AF-A740-EB5E0D468EDE}"
EndProject
Project("{FAE04EC0-301F-11D3-BF4B-00C04F79EFBC}") = "Lms.Shared.IntegrationEvents", "Lms.Shared.IntegrationEvents\Lms.Shared.IntegrationEvents.csproj", "{56B5F27D-A1C2-46E5-A8A7-2D53841BC319}"
EndProject
Project("{2150E333-8FDC-42A3-9474-1A3956D46DE8}") = "Application", "Application", "{08928D7F-29A1-40B9-BFB4-327F8180E821}"
EndProject
Project("{FAE04EC0-301F-11D3-BF4B-00C04F79EFBC}") = "Lms.Assessment.Application", "Lms.Assessment.Application\Lms.Assessment.Application.csproj", "{6D151E1A-3E73-4470-9C86-91A8371C170B}"
EndProject
Project("{FAE04EC0-301F-11D3-BF4B-00C04F79EFBC}") = "Lms.Enrollment.Infrastructure", "Lms.Enrollment.Infrastructure\Lms.Enrollment.Infrastructure.csproj", "{EA0FB2A4-BF16-4EE5-A0A9-6781FF8B40C9}"
EndProject
Project("{2150E333-8FDC-42A3-9474-1A3956D46DE8}") = "SharedAbstraction", "SharedAbstraction", "{208108D5-2895-4882-AAAA-EC30B61DE899}"
EndProject
Project("{FAE04EC0-301F-11D3-BF4B-00C04F79EFBC}") = "Lms.Shared.Abstractions", "Lms.Shared.Abstractions\Lms.Shared.Abstractions.csproj", "{65654E16-121D-4175-8639-9CCF59EF8927}"
EndProject
Global
	GlobalSection(SolutionConfigurationPlatforms) = preSolution
		Debug|Any CPU = Debug|Any CPU
		Release|Any CPU = Release|Any CPU
	EndGlobalSection
	GlobalSection(ProjectConfigurationPlatforms) = postSolution
		{F4555007-484F-4562-AF91-0218D587843F}.Debug|Any CPU.ActiveCfg = Debug|Any CPU
		{F4555007-484F-4562-AF91-0218D587843F}.Debug|Any CPU.Build.0 = Debug|Any CPU
		{F4555007-484F-4562-AF91-0218D587843F}.Release|Any CPU.ActiveCfg = Release|Any CPU
		{F4555007-484F-4562-AF91-0218D587843F}.Release|Any CPU.Build.0 = Release|Any CPU
		{DEB58C13-7321-4345-90BA-C0EFD5DBB7B1}.Debug|Any CPU.ActiveCfg = Debug|Any CPU
		{DEB58C13-7321-4345-90BA-C0EFD5DBB7B1}.Debug|Any CPU.Build.0 = Debug|Any CPU
		{DEB58C13-7321-4345-90BA-C0EFD5DBB7B1}.Release|Any CPU.ActiveCfg = Release|Any CPU
		{DEB58C13-7321-4345-90BA-C0EFD5DBB7B1}.Release|Any CPU.Build.0 = Release|Any CPU
		{A485BCAC-C516-454F-8EC0-4FA157F1E191}.Debug|Any CPU.ActiveCfg = Debug|Any CPU
		{A485BCAC-C516-454F-8EC0-4FA157F1E191}.Debug|Any CPU.Build.0 = Debug|Any CPU
		{A485BCAC-C516-454F-8EC0-4FA157F1E191}.Release|Any CPU.ActiveCfg = Release|Any CPU
		{A485BCAC-C516-454F-8EC0-4FA157F1E191}.Release|Any CPU.Build.0 = Release|Any CPU
		{374D4E7D-E6C3-482E-929F-4873DED65330}.Debug|Any CPU.ActiveCfg = Debug|Any CPU
		{374D4E7D-E6C3-482E-929F-4873DED65330}.Debug|Any CPU.Build.0 = Debug|Any CPU
		{374D4E7D-E6C3-482E-929F-4873DED65330}.Release|Any CPU.ActiveCfg = Release|Any CPU
		{374D4E7D-E6C3-482E-929F-4873DED65330}.Release|Any CPU.Build.0 = Release|Any CPU
		{ADD1A5F1-935C-492A-925E-C642252886CB}.Debug|Any CPU.ActiveCfg = Debug|Any CPU
		{ADD1A5F1-935C-492A-925E-C642252886CB}.Debug|Any CPU.Build.0 = Debug|Any CPU
		{ADD1A5F1-935C-492A-925E-C642252886CB}.Release|Any CPU.ActiveCfg = Release|Any CPU
		{ADD1A5F1-935C-492A-925E-C642252886CB}.Release|Any CPU.Build.0 = Release|Any CPU
		{25DA92C5-B3A1-422B-AAF1-9C89B27E80E2}.Debug|Any CPU.ActiveCfg = Debug|Any CPU
		{25DA92C5-B3A1-422B-AAF1-9C89B27E80E2}.Debug|Any CPU.Build.0 = Debug|Any CPU
		{25DA92C5-B3A1-422B-AAF1-9C89B27E80E2}.Release|Any CPU.ActiveCfg = Release|Any CPU
		{25DA92C5-B3A1-422B-AAF1-9C89B27E80E2}.Release|Any CPU.Build.0 = Release|Any CPU
		{38D730E1-B1F0-447A-BC12-8C715D809C39}.Debug|Any CPU.ActiveCfg = Debug|Any CPU
		{38D730E1-B1F0-447A-BC12-8C715D809C39}.Debug|Any CPU.Build.0 = Debug|Any CPU
		{38D730E1-B1F0-447A-BC12-8C715D809C39}.Release|Any CPU.ActiveCfg = Release|Any CPU
		{38D730E1-B1F0-447A-BC12-8C715D809C39}.Release|Any CPU.Build.0 = Release|Any CPU
		{DBC95880-D9F4-4DD7-9D47-2B127C104346}.Debug|Any CPU.ActiveCfg = Debug|Any CPU
		{DBC95880-D9F4-4DD7-9D47-2B127C104346}.Debug|Any CPU.Build.0 = Debug|Any CPU
		{DBC95880-D9F4-4DD7-9D47-2B127C104346}.Release|Any CPU.ActiveCfg = Release|Any CPU
		{DBC95880-D9F4-4DD7-9D47-2B127C104346}.Release|Any CPU.Build.0 = Release|Any CPU
		{B892E452-1EF4-43AF-A740-EB5E0D468EDE}.Debug|Any CPU.ActiveCfg = Debug|Any CPU
		{B892E452-1EF4-43AF-A740-EB5E0D468EDE}.Debug|Any CPU.Build.0 = Debug|Any CPU
		{B892E452-1EF4-43AF-A740-EB5E0D468EDE}.Release|Any CPU.ActiveCfg = Release|Any CPU
		{B892E452-1EF4-43AF-A740-EB5E0D468EDE}.Release|Any CPU.Build.0 = Release|Any CPU
		{56B5F27D-A1C2-46E5-A8A7-2D53841BC319}.Debug|Any CPU.ActiveCfg = Debug|Any CPU
		{56B5F27D-A1C2-46E5-A8A7-2D53841BC319}.Debug|Any CPU.Build.0 = Debug|Any CPU
		{56B5F27D-A1C2-46E5-A8A7-2D53841BC319}.Release|Any CPU.ActiveCfg = Release|Any CPU
		{56B5F27D-A1C2-46E5-A8A7-2D53841BC319}.Release|Any CPU.Build.0 = Release|Any CPU
		{6D151E1A-3E73-4470-9C86-91A8371C170B}.Debug|Any CPU.ActiveCfg = Debug|Any CPU
		{6D151E1A-3E73-4470-9C86-91A8371C170B}.Debug|Any CPU.Build.0 = Debug|Any CPU
		{6D151E1A-3E73-4470-9C86-91A8371C170B}.Release|Any CPU.ActiveCfg = Release|Any CPU
		{6D151E1A-3E73-4470-9C86-91A8371C170B}.Release|Any CPU.Build.0 = Release|Any CPU
		{EA0FB2A4-BF16-4EE5-A0A9-6781FF8B40C9}.Debug|Any CPU.ActiveCfg = Debug|Any CPU
		{EA0FB2A4-BF16-4EE5-A0A9-6781FF8B40C9}.Debug|Any CPU.Build.0 = Debug|Any CPU
		{EA0FB2A4-BF16-4EE5-A0A9-6781FF8B40C9}.Release|Any CPU.ActiveCfg = Release|Any CPU
		{EA0FB2A4-BF16-4EE5-A0A9-6781FF8B40C9}.Release|Any CPU.Build.0 = Release|Any CPU
		{65654E16-121D-4175-8639-9CCF59EF8927}.Debug|Any CPU.ActiveCfg = Debug|Any CPU
		{65654E16-121D-4175-8639-9CCF59EF8927}.Debug|Any CPU.Build.0 = Debug|Any CPU
		{65654E16-121D-4175-8639-9CCF59EF8927}.Release|Any CPU.ActiveCfg = Release|Any CPU
		{65654E16-121D-4175-8639-9CCF59EF8927}.Release|Any CPU.Build.0 = Release|Any CPU
	EndGlobalSection
	GlobalSection(SolutionProperties) = preSolution
		HideSolutionNode = FALSE
	EndGlobalSection
	GlobalSection(NestedProjects) = preSolution
		{B57213E8-711A-4BE5-8EB2-B5ECB978DD7B} = {C02E8AF0-836C-41B9-BDD4-E2C673FF937B}
		{F340E955-A2FD-4D40-B9D1-9C62CE8EE1D3} = {C02E8AF0-836C-41B9-BDD4-E2C673FF937B}
		{CDE97501-6AC2-4E4C-9303-9C2D516F36B6} = {C02E8AF0-836C-41B9-BDD4-E2C673FF937B}
		{776D11F1-BFC2-445C-8971-F817E6FF2808} = {C02E8AF0-836C-41B9-BDD4-E2C673FF937B}
		{40364B92-87C3-430F-BCC2-39BCADF6F49D} = {C02E8AF0-836C-41B9-BDD4-E2C673FF937B}
		{62E1AF30-A050-4E6F-8E88-C5553C9157E3} = {C02E8AF0-836C-41B9-BDD4-E2C673FF937B}
		{F4555007-484F-4562-AF91-0218D587843F} = {62E1AF30-A050-4E6F-8E88-C5553C9157E3}
		{DEB58C13-7321-4345-90BA-C0EFD5DBB7B1} = {62E1AF30-A050-4E6F-8E88-C5553C9157E3}
		{A485BCAC-C516-454F-8EC0-4FA157F1E191} = {776D11F1-BFC2-445C-8971-F817E6FF2808}
		{C13423FE-FFDF-4912-91BD-826C7D1E03DB} = {C02E8AF0-836C-41B9-BDD4-E2C673FF937B}
		{374D4E7D-E6C3-482E-929F-4873DED65330} = {C13423FE-FFDF-4912-91BD-826C7D1E03DB}
		{ADD1A5F1-935C-492A-925E-C642252886CB} = {40364B92-87C3-430F-BCC2-39BCADF6F49D}
		{408F87AD-4B5D-4428-916D-30F138D66B70} = {B57213E8-711A-4BE5-8EB2-B5ECB978DD7B}
		{9E5AB2B7-814A-4E6B-8A68-23B6C0B2CED4} = {B57213E8-711A-4BE5-8EB2-B5ECB978DD7B}
		{3CB095D7-6E4E-4468-BA63-5233B982B4CD} = {B57213E8-711A-4BE5-8EB2-B5ECB978DD7B}
		{25DA92C5-B3A1-422B-AAF1-9C89B27E80E2} = {408F87AD-4B5D-4428-916D-30F138D66B70}
		{38D730E1-B1F0-447A-BC12-8C715D809C39} = {9E5AB2B7-814A-4E6B-8A68-23B6C0B2CED4}
		{DBC95880-D9F4-4DD7-9D47-2B127C104346} = {3CB095D7-6E4E-4468-BA63-5233B982B4CD}
		{A031449A-F927-4D60-AF18-F875E123DCB1} = {F340E955-A2FD-4D40-B9D1-9C62CE8EE1D3}
		{0A5BFBF6-2875-4077-8A67-7B5CF8990DB6} = {F340E955-A2FD-4D40-B9D1-9C62CE8EE1D3}
		{4D561A6C-2B68-4325-BFA3-76D253C28438} = {F340E955-A2FD-4D40-B9D1-9C62CE8EE1D3}
		{B892E452-1EF4-43AF-A740-EB5E0D468EDE} = {0A5BFBF6-2875-4077-8A67-7B5CF8990DB6}
		{56B5F27D-A1C2-46E5-A8A7-2D53841BC319} = {C02E8AF0-836C-41B9-BDD4-E2C673FF937B}
		{08928D7F-29A1-40B9-BFB4-327F8180E821} = {CDE97501-6AC2-4E4C-9303-9C2D516F36B6}
		{6D151E1A-3E73-4470-9C86-91A8371C170B} = {08928D7F-29A1-40B9-BFB4-327F8180E821}
		{EA0FB2A4-BF16-4EE5-A0A9-6781FF8B40C9} = {4D561A6C-2B68-4325-BFA3-76D253C28438}
		{208108D5-2895-4882-AAAA-EC30B61DE899} = {C02E8AF0-836C-41B9-BDD4-E2C673FF937B}
		{65654E16-121D-4175-8639-9CCF59EF8927} = {208108D5-2895-4882-AAAA-EC30B61DE899}
	EndGlobalSection
	GlobalSection(ExtensibilityGlobals) = postSolution
		SolutionGuid = {80CBCDFC-383A-4A05-9848-A79D4B191D9D}
	EndGlobalSection
EndGlobal
